
Microsoft Visual Studio Solution File, Format Version 12.00
# Visual Studio Version 17
VisualStudioVersion = 17.1.32210.238
MinimumVisualStudioVersion = 10.0.40219.1
Project("{9A19103F-16F7-4668-BE54-9A1E7A4F7556}") = "Mars_CompetitionTasks", "Mars_CompetitionTasks.csproj", "{1C69EABE-0CD2-4BAA-840A-A3EF0BAC2300}"
EndProject
Global
	GlobalSection(SolutionConfigurationPlatforms) = preSolution
		Debug|Any CPU = Debug|Any CPU
		Release|Any CPU = Release|Any CPU
	EndGlobalSection
	GlobalSection(ProjectConfigurationPlatforms) = postSolution
		{1C69EABE-0CD2-4BAA-840A-A3EF0BAC2300}.Debug|Any CPU.ActiveCfg = Debug|Any CPU
		{1C69EABE-0CD2-4BAA-840A-A3EF0BAC2300}.Debug|Any CPU.Build.0 = Debug|Any CPU
		{1C69EABE-0CD2-4BAA-840A-A3EF0BAC2300}.Release|Any CPU.ActiveCfg = Release|Any CPU
		{1C69EABE-0CD2-4BAA-840A-A3EF0BAC2300}.Release|Any CPU.Build.0 = Release|Any CPU
	EndGlobalSection
	GlobalSection(SolutionProperties) = preSolution
		HideSolutionNode = FALSE
	EndGlobalSection
	GlobalSection(ExtensibilityGlobals) = postSolution
		SolutionGuid = {2B919A2F-2698-4445-A08E-9F183966EE9C}
	EndGlobalSection
EndGlobal
